
Microsoft Visual Studio Solution File, Format Version 12.00
# Visual Studio Version 17
VisualStudioVersion = 17.7.34031.279
MinimumVisualStudioVersion = 10.0.40219.1
Project("{FAE04EC0-301F-11D3-BF4B-00C04F79EFBC}") = "Dockerprojectdemo", "Dockerprojectdemo\Dockerprojectdemo.csproj", "{094BC1EA-7F50-4697-99FC-162BFE2209E4}"
EndProject
Project("{E53339B2-1760-4266-BCC7-CA923CBCF16C}") = "docker-compose", "docker-compose.dcproj", "{5AA2A106-E60D-416B-9411-95F41CFE9B01}"
EndProject
Global
	GlobalSection(SolutionConfigurationPlatforms) = preSolution
		Debug|Any CPU = Debug|Any CPU
		Release|Any CPU = Release|Any CPU
	EndGlobalSection
	GlobalSection(ProjectConfigurationPlatforms) = postSolution
		{094BC1EA-7F50-4697-99FC-162BFE2209E4}.Debug|Any CPU.ActiveCfg = Debug|Any CPU
		{094BC1EA-7F50-4697-99FC-162BFE2209E4}.Debug|Any CPU.Build.0 = Debug|Any CPU
		{094BC1EA-7F50-4697-99FC-162BFE2209E4}.Release|Any CPU.ActiveCfg = Release|Any CPU
		{094BC1EA-7F50-4697-99FC-162BFE2209E4}.Release|Any CPU.Build.0 = Release|Any CPU
		{5AA2A106-E60D-416B-9411-95F41CFE9B01}.Debug|Any CPU.ActiveCfg = Debug|Any CPU
		{5AA2A106-E60D-416B-9411-95F41CFE9B01}.Debug|Any CPU.Build.0 = Debug|Any CPU
		{5AA2A106-E60D-416B-9411-95F41CFE9B01}.Release|Any CPU.ActiveCfg = Release|Any CPU
		{5AA2A106-E60D-416B-9411-95F41CFE9B01}.Release|Any CPU.Build.0 = Release|Any CPU
	EndGlobalSection
	GlobalSection(SolutionProperties) = preSolution
		HideSolutionNode = FALSE
	EndGlobalSection
	GlobalSection(ExtensibilityGlobals) = postSolution
		SolutionGuid = {B05935E3-4B3A-4A62-8824-95B41D8B8F45}
	EndGlobalSection
EndGlobal
